dependencies:
- name: plural-certmanager-webhook
  repository: cm://app.plural.sh/cm/bootstrap
  version: 0.1.5
- name: bootstrap
  repository: cm://app.plural.sh/cm/bootstrap
  version: 0.8.62
digest: sha256:c3af7a863ba3c53e4be46a99bfc2ce93bad595b39d849b01d6eb57d4dc7d1bfb
generated: "2023-01-18T15:56:14.016850661Z"
