dependencies:
- name: bootstrap
  repository: cm://app.plural.sh/cm/bootstrap
  version: 0.8.58
- name: plural-certmanager-webhook
  repository: cm://app.plural.sh/cm/bootstrap
  version: 0.1.5
digest: sha256:c5cdc9b6e8f0373f9ca93834897892fb4e0ec692aa2dadb556ad92534f822954
generated: "2022-12-21T14:36:43.587635+02:00"
